
Microsoft Visual Studio Solution File, Format Version 12.00
# Visual Studio Version 17
VisualStudioVersion = 17.4.33110.190
MinimumVisualStudioVersion = 10.0.40219.1
Project("{9A19103F-16F7-4668-BE54-9A1E7A4F7556}") = "Nebula.CLI", "Nebula.CLI\Nebula.CLI.csproj", "{E5593F2F-4B1B-46F5-B893-4F935CE2366D}"
EndProject
Project("{9A19103F-16F7-4668-BE54-9A1E7A4F7556}") = "Nebula.Core", "Nebula.Core\Nebula.Core.csproj", "{4E60957A-985A-422D-B0A9-C5426977535B}"
EndProject
Project("{2150E333-8FDC-42A3-9474-1A3956D46DE8}") = "Nebula.Plugins", "Nebula.Plugins", "{044E6E66-F3B5-4034-B627-B4669EB304C9}"
EndProject
Project("{9A19103F-16F7-4668-BE54-9A1E7A4F7556}") = "GameDumper", "Nebula.Plugins\InfoDump\GameDumper.csproj", "{6D8F0E12-6E18-4F2F-8066-091CFBCB5B8B}"
EndProject
Project("{9A19103F-16F7-4668-BE54-9A1E7A4F7556}") = "MappingTool", "Nebula.Plugins\MappingTool\MappingTool.csproj", "{FA990FDC-66CD-47C8-8E24-5DAE78709F96}"
EndProject
Project("{9A19103F-16F7-4668-BE54-9A1E7A4F7556}") = "IniEncKeyDumper", "Nebula.Plugins\IniEncKeyDumper\IniEncKeyDumper.csproj", "{A39A2C22-C4ED-44B3-81CF-2E9BB43F69E9}"
EndProject
Project("{FAE04EC0-301F-11D3-BF4B-00C04F79EFBC}") = "Nebula.GUI", "Nebula.GUI\Nebula.GUI.csproj", "{620E1944-3E51-451E-A8F8-3E886171B5E0}"
EndProject
Global
	GlobalSection(SolutionConfigurationPlatforms) = preSolution
		Debug|Any CPU = Debug|Any CPU
		Debug|x64 = Debug|x64
		Release|Any CPU = Release|Any CPU
		Release|x64 = Release|x64
	EndGlobalSection
	GlobalSection(ProjectConfigurationPlatforms) = postSolution
		{E5593F2F-4B1B-46F5-B893-4F935CE2366D}.Debug|Any CPU.ActiveCfg = Debug|Any CPU
		{E5593F2F-4B1B-46F5-B893-4F935CE2366D}.Debug|Any CPU.Build.0 = Debug|Any CPU
		{E5593F2F-4B1B-46F5-B893-4F935CE2366D}.Debug|x64.ActiveCfg = Debug|x64
		{E5593F2F-4B1B-46F5-B893-4F935CE2366D}.Debug|x64.Build.0 = Debug|x64
		{E5593F2F-4B1B-46F5-B893-4F935CE2366D}.Release|Any CPU.ActiveCfg = Release|Any CPU
		{E5593F2F-4B1B-46F5-B893-4F935CE2366D}.Release|Any CPU.Build.0 = Release|Any CPU
		{E5593F2F-4B1B-46F5-B893-4F935CE2366D}.Release|x64.ActiveCfg = Release|x64
		{E5593F2F-4B1B-46F5-B893-4F935CE2366D}.Release|x64.Build.0 = Release|x64
		{4E60957A-985A-422D-B0A9-C5426977535B}.Debug|Any CPU.ActiveCfg = Debug|Any CPU
		{4E60957A-985A-422D-B0A9-C5426977535B}.Debug|Any CPU.Build.0 = Debug|Any CPU
		{4E60957A-985A-422D-B0A9-C5426977535B}.Debug|x64.ActiveCfg = Debug|x64
		{4E60957A-985A-422D-B0A9-C5426977535B}.Debug|x64.Build.0 = Debug|x64
		{4E60957A-985A-422D-B0A9-C5426977535B}.Release|Any CPU.ActiveCfg = Release|Any CPU
		{4E60957A-985A-422D-B0A9-C5426977535B}.Release|Any CPU.Build.0 = Release|Any CPU
		{4E60957A-985A-422D-B0A9-C5426977535B}.Release|x64.ActiveCfg = Release|x64
		{4E60957A-985A-422D-B0A9-C5426977535B}.Release|x64.Build.0 = Release|x64
		{6D8F0E12-6E18-4F2F-8066-091CFBCB5B8B}.Debug|Any CPU.ActiveCfg = Debug|Any CPU
		{6D8F0E12-6E18-4F2F-8066-091CFBCB5B8B}.Debug|Any CPU.Build.0 = Debug|Any CPU
		{6D8F0E12-6E18-4F2F-8066-091CFBCB5B8B}.Debug|x64.ActiveCfg = Debug|x64
		{6D8F0E12-6E18-4F2F-8066-091CFBCB5B8B}.Debug|x64.Build.0 = Debug|x64
		{6D8F0E12-6E18-4F2F-8066-091CFBCB5B8B}.Release|Any CPU.ActiveCfg = Release|Any CPU
		{6D8F0E12-6E18-4F2F-8066-091CFBCB5B8B}.Release|Any CPU.Build.0 = Release|Any CPU
		{6D8F0E12-6E18-4F2F-8066-091CFBCB5B8B}.Release|x64.ActiveCfg = Release|x64
		{6D8F0E12-6E18-4F2F-8066-091CFBCB5B8B}.Release|x64.Build.0 = Release|x64
		{FA990FDC-66CD-47C8-8E24-5DAE78709F96}.Debug|Any CPU.ActiveCfg = Debug|Any CPU
		{FA990FDC-66CD-47C8-8E24-5DAE78709F96}.Debug|Any CPU.Build.0 = Debug|Any CPU
		{FA990FDC-66CD-47C8-8E24-5DAE78709F96}.Debug|x64.ActiveCfg = Debug|x64
		{FA990FDC-66CD-47C8-8E24-5DAE78709F96}.Debug|x64.Build.0 = Debug|x64
		{FA990FDC-66CD-47C8-8E24-5DAE78709F96}.Release|Any CPU.ActiveCfg = Release|Any CPU
		{FA990FDC-66CD-47C8-8E24-5DAE78709F96}.Release|Any CPU.Build.0 = Release|Any CPU
		{FA990FDC-66CD-47C8-8E24-5DAE78709F96}.Release|x64.ActiveCfg = Release|x64
		{FA990FDC-66CD-47C8-8E24-5DAE78709F96}.Release|x64.Build.0 = Release|x64
		{A39A2C22-C4ED-44B3-81CF-2E9BB43F69E9}.Debug|Any CPU.ActiveCfg = Debug|Any CPU
		{A39A2C22-C4ED-44B3-81CF-2E9BB43F69E9}.Debug|Any CPU.Build.0 = Debug|Any CPU
		{A39A2C22-C4ED-44B3-81CF-2E9BB43F69E9}.Debug|x64.ActiveCfg = Debug|Any CPU
		{A39A2C22-C4ED-44B3-81CF-2E9BB43F69E9}.Debug|x64.Build.0 = Debug|Any CPU
		{A39A2C22-C4ED-44B3-81CF-2E9BB43F69E9}.Release|Any CPU.ActiveCfg = Release|Any CPU
		{A39A2C22-C4ED-44B3-81CF-2E9BB43F69E9}.Release|Any CPU.Build.0 = Release|Any CPU
		{A39A2C22-C4ED-44B3-81CF-2E9BB43F69E9}.Release|x64.ActiveCfg = Release|Any CPU
		{A39A2C22-C4ED-44B3-81CF-2E9BB43F69E9}.Release|x64.Build.0 = Release|Any CPU
		{620E1944-3E51-451E-A8F8-3E886171B5E0}.Debug|Any CPU.ActiveCfg = Debug|Any CPU
		{620E1944-3E51-451E-A8F8-3E886171B5E0}.Debug|Any CPU.Build.0 = Debug|Any CPU
		{620E1944-3E51-451E-A8F8-3E886171B5E0}.Debug|x64.ActiveCfg = Debug|Any CPU
		{620E1944-3E51-451E-A8F8-3E886171B5E0}.Debug|x64.Build.0 = Debug|Any CPU
		{620E1944-3E51-451E-A8F8-3E886171B5E0}.Release|Any CPU.ActiveCfg = Release|Any CPU
		{620E1944-3E51-451E-A8F8-3E886171B5E0}.Release|Any CPU.Build.0 = Release|Any CPU
		{620E1944-3E51-451E-A8F8-3E886171B5E0}.Release|x64.ActiveCfg = Release|Any CPU
		{620E1944-3E51-451E-A8F8-3E886171B5E0}.Release|x64.Build.0 = Release|Any CPU
	EndGlobalSection
	GlobalSection(SolutionProperties) = preSolution
		HideSolutionNode = FALSE
	EndGlobalSection
	GlobalSection(NestedProjects) = preSolution
		{6D8F0E12-6E18-4F2F-8066-091CFBCB5B8B} = {044E6E66-F3B5-4034-B627-B4669EB304C9}
		{FA990FDC-66CD-47C8-8E24-5DAE78709F96} = {044E6E66-F3B5-4034-B627-B4669EB304C9}
		{A39A2C22-C4ED-44B3-81CF-2E9BB43F69E9} = {044E6E66-F3B5-4034-B627-B4669EB304C9}
	EndGlobalSection
	GlobalSection(ExtensibilityGlobals) = postSolution
		SolutionGuid = {3866881C-4F53-4C78-957D-AE9D10047618}
	EndGlobalSection
EndGlobal
