
Microsoft Visual Studio Solution File, Format Version 12.00
# Visual Studio Version 17
VisualStudioVersion = 17.13.35617.110
MinimumVisualStudioVersion = 10.0.40219.1
Project("{FAE04EC0-301F-11D3-BF4B-00C04F79EFBC}") = "Nebula.Core", "Nebula\Nebula.Core\Nebula.Core.csproj", "{023997B8-F0D1-45C4-9B10-D0EC0DEF8426}"
EndProject
Project("{FAE04EC0-301F-11D3-BF4B-00C04F79EFBC}") = "Nebula.Core.CTF25.MFA", "Nebula\Nebula.Core.CTF25.MFA\Nebula.Core.CTF25.MFA.csproj", "{0F716E0A-84B2-42BA-895B-514C54E5ABC5}"
EndProject
Project("{FAE04EC0-301F-11D3-BF4B-00C04F79EFBC}") = "Nebula.Cli", "Nebula\Nebula.Cli\Nebula.Cli.csproj", "{9945A1D2-5E1C-45D5-8C62-D4311A0478EB}"
EndProject
Project("{2150E333-8FDC-42A3-9474-1A3956D46DE8}") = "Core", "Core", "{02EA681E-C7D8-13C7-8484-4AC65E1B71E8}"
EndProject
Project("{2150E333-8FDC-42A3-9474-1A3956D46DE8}") = "Interface", "Interface", "{CDE8CF7C-9A6A-4801-8E6A-2588D28A1588}"
EndProject
Project("{2150E333-8FDC-42A3-9474-1A3956D46DE8}") = "Converter", "Converter", "{EACD0DCE-8C4C-40A7-A9B3-6FA518D217F6}"
EndProject
Project("{2150E333-8FDC-42A3-9474-1A3956D46DE8}") = "CTF25", "CTF25", "{8E16A537-760E-4187-9BAC-A553A910C7DB}"
EndProject
Project("{FAE04EC0-301F-11D3-BF4B-00C04F79EFBC}") = "Nebula.Core.CTF25.CCN", "Nebula\Nebula.Core.CTF25.CCN\Nebula.Core.CTF25.CCN.csproj", "{F9B1885B-6709-4AAA-95A0-0247B09BA160}"
EndProject
Project("{FAE04EC0-301F-11D3-BF4B-00C04F79EFBC}") = "Nebula.Core.ImageTranslation", "Nebula.Core.ImageTranslation\Nebula.Core.ImageTranslation.csproj", "{9AC87C3E-BC8E-4B61-AC34-2A09B9C7B90E}"
EndProject
Global
	GlobalSection(SolutionConfigurationPlatforms) = preSolution
		Debug|Any CPU = Debug|Any CPU
		Release|Any CPU = Release|Any CPU
	EndGlobalSection
	GlobalSection(ProjectConfigurationPlatforms) = postSolution
		{023997B8-F0D1-45C4-9B10-D0EC0DEF8426}.Debug|Any CPU.ActiveCfg = Debug|Any CPU
		{023997B8-F0D1-45C4-9B10-D0EC0DEF8426}.Debug|Any CPU.Build.0 = Debug|Any CPU
		{023997B8-F0D1-45C4-9B10-D0EC0DEF8426}.Release|Any CPU.ActiveCfg = Release|Any CPU
		{023997B8-F0D1-45C4-9B10-D0EC0DEF8426}.Release|Any CPU.Build.0 = Release|Any CPU
		{0F716E0A-84B2-42BA-895B-514C54E5ABC5}.Debug|Any CPU.ActiveCfg = Debug|Any CPU
		{0F716E0A-84B2-42BA-895B-514C54E5ABC5}.Debug|Any CPU.Build.0 = Debug|Any CPU
		{0F716E0A-84B2-42BA-895B-514C54E5ABC5}.Release|Any CPU.ActiveCfg = Release|Any CPU
		{0F716E0A-84B2-42BA-895B-514C54E5ABC5}.Release|Any CPU.Build.0 = Release|Any CPU
		{9945A1D2-5E1C-45D5-8C62-D4311A0478EB}.Debug|Any CPU.ActiveCfg = Debug|Any CPU
		{9945A1D2-5E1C-45D5-8C62-D4311A0478EB}.Debug|Any CPU.Build.0 = Debug|Any CPU
		{9945A1D2-5E1C-45D5-8C62-D4311A0478EB}.Release|Any CPU.ActiveCfg = Release|Any CPU
		{9945A1D2-5E1C-45D5-8C62-D4311A0478EB}.Release|Any CPU.Build.0 = Release|Any CPU
		{F9B1885B-6709-4AAA-95A0-0247B09BA160}.Debug|Any CPU.ActiveCfg = Debug|Any CPU
		{F9B1885B-6709-4AAA-95A0-0247B09BA160}.Debug|Any CPU.Build.0 = Debug|Any CPU
		{F9B1885B-6709-4AAA-95A0-0247B09BA160}.Release|Any CPU.ActiveCfg = Release|Any CPU
		{F9B1885B-6709-4AAA-95A0-0247B09BA160}.Release|Any CPU.Build.0 = Release|Any CPU
		{9AC87C3E-BC8E-4B61-AC34-2A09B9C7B90E}.Debug|Any CPU.ActiveCfg = Debug|Any CPU
		{9AC87C3E-BC8E-4B61-AC34-2A09B9C7B90E}.Debug|Any CPU.Build.0 = Debug|Any CPU
		{9AC87C3E-BC8E-4B61-AC34-2A09B9C7B90E}.Release|Any CPU.ActiveCfg = Release|Any CPU
		{9AC87C3E-BC8E-4B61-AC34-2A09B9C7B90E}.Release|Any CPU.Build.0 = Release|Any CPU
	EndGlobalSection
	GlobalSection(SolutionProperties) = preSolution
		HideSolutionNode = FALSE
	EndGlobalSection
	GlobalSection(NestedProjects) = preSolution
		{023997B8-F0D1-45C4-9B10-D0EC0DEF8426} = {02EA681E-C7D8-13C7-8484-4AC65E1B71E8}
		{0F716E0A-84B2-42BA-895B-514C54E5ABC5} = {8E16A537-760E-4187-9BAC-A553A910C7DB}
		{9945A1D2-5E1C-45D5-8C62-D4311A0478EB} = {CDE8CF7C-9A6A-4801-8E6A-2588D28A1588}
		{8E16A537-760E-4187-9BAC-A553A910C7DB} = {02EA681E-C7D8-13C7-8484-4AC65E1B71E8}
		{F9B1885B-6709-4AAA-95A0-0247B09BA160} = {8E16A537-760E-4187-9BAC-A553A910C7DB}
		{9AC87C3E-BC8E-4B61-AC34-2A09B9C7B90E} = {02EA681E-C7D8-13C7-8484-4AC65E1B71E8}
	EndGlobalSection
	GlobalSection(ExtensibilityGlobals) = postSolution
		SolutionGuid = {212E5F30-98B2-4313-B286-42B8A3DBA2F7}
	EndGlobalSection
EndGlobal
